// !$*UTF8*$!
{
	archiveVersion = 1;
	classes = {
	};
	objectVersion = 56;
	objects = {

/* Begin PBXBuildFile section */
		DD11AF952CBFFEDC00D115FF /* aroundTheWorldApp.swift in Sources */ = {isa = PBXBuildFile; fileRef = DD11AF942CBFFEDC00D115FF /* aroundTheWorldApp.swift */; };
		DD11AF972CBFFEDC00D115FF /* ContentView.swift in Sources */ = {isa = PBXBuildFile; fileRef = DD11AF962CBFFEDC00D115FF /* ContentView.swift */; };
		DD11AF992CBFFEDD00D115FF /* Assets.xcassets in Resources */ = {isa = PBXBuildFile; fileRef = DD11AF982CBFFEDD00D115FF /* Assets.xcassets */; };
		DD11AF9C2CBFFEDD00D115FF /* Preview Assets.xcassets in Resources */ = {isa = PBXBuildFile; fileRef = DD11AF9B2CBFFEDD00D115FF /* Preview Assets.xcassets */; };
		DD11AFA42CC0014D00D115FF /* City.swift in Sources */ = {isa = PBXBuildFile; fileRef = DD11AFA32CC0014D00D115FF /* City.swift */; };
		DD11AFA72CC0080500D115FF /* HomeViewModel.swift in Sources */ = {isa = PBXBuildFile; fileRef = DD11AFA62CC0080500D115FF /* HomeViewModel.swift */; };
		DD11AFAA2CC00FDB00D115FF /* APIService.swift in Sources */ = {isa = PBXBuildFile; fileRef = DD11AFA92CC00FDB00D115FF /* APIService.swift */; };
/* End PBXBuildFile section */

/* Begin PBXFileReference section */
		DD11AF912CBFFEDC00D115FF /* aroundTheWorld.app */ = {isa = PBXFileReference; explicitFileType = wrapper.application; includeInIndex = 0; path = aroundTheWorld.app; sourceTree = BUILT_PRODUCTS_DIR; };
		DD11AF942CBFFEDC00D115FF /* aroundTheWorldApp.swift */ = {isa = PBXFileReference; lastKnownFileType = sourcecode.swift; path = aroundTheWorldApp.swift; sourceTree = "<group>"; };
		DD11AF962CBFFEDC00D115FF /* ContentView.swift */ = {isa = PBXFileReference; lastKnownFileType = sourcecode.swift; path = ContentView.swift; sourceTree = "<group>"; };
		DD11AF982CBFFEDD00D115FF /* Assets.xcassets */ = {isa = PBXFileReference; lastKnownFileType = folder.assetcatalog; path = Assets.xcassets; sourceTree = "<group>"; };
		DD11AF9B2CBFFEDD00D115FF /* Preview Assets.xcassets */ = {isa = PBXFileReference; lastKnownFileType = folder.assetcatalog; path = "Preview Assets.xcassets"; sourceTree = "<group>"; };
		DD11AFA32CC0014D00D115FF /* City.swift */ = {isa = PBXFileReference; lastKnownFileType = sourcecode.swift; path = City.swift; sourceTree = "<group>"; };
		DD11AFA62CC0080500D115FF /* HomeViewModel.swift */ = {isa = PBXFileReference; lastKnownFileType = sourcecode.swift; path = HomeViewModel.swift; sourceTree = "<group>"; };
		DD11AFA92CC00FDB00D115FF /* APIService.swift */ = {isa = PBXFileReference; lastKnownFileType = sourcecode.swift; path = APIService.swift; sourceTree = "<group>"; };
/* End PBXFileReference section */

/* Begin PBXFrameworksBuildPhase section */
		DD11AF8E2CBFFEDC00D115FF /* Frameworks */ = {
			isa = PBXFrameworksBuildPhase;
			buildActionMask = 2147483647;
			files = (
			);
			runOnlyForDeploymentPostprocessing = 0;
		};
/* End PBXFrameworksBuildPhase section */

/* Begin PBXGroup section */
		DD11AF882CBFFEDC00D115FF = {
			isa = PBXGroup;
			children = (
				DD11AF932CBFFEDC00D115FF /* aroundTheWorld */,
				DD11AF922CBFFEDC00D115FF /* Products */,
			);
			sourceTree = "<group>";
		};
		DD11AF922CBFFEDC00D115FF /* Products */ = {
			isa = PBXGroup;
			children = (
				DD11AF912CBFFEDC00D115FF /* aroundTheWorld.app */,
			);
			name = Products;
			sourceTree = "<group>";
		};
		DD11AF932CBFFEDC00D115FF /* aroundTheWorld */ = {
			isa = PBXGroup;
			children = (
				DD11AF942CBFFEDC00D115FF /* aroundTheWorldApp.swift */,
				DD11AF962CBFFEDC00D115FF /* ContentView.swift */,
				DD11AFA52CC007EB00D115FF /* ViewModels */,
				DD11AFA82CC00FC400D115FF /* Helpers */,
				DD11AFA22CC0010A00D115FF /* Models */,
				DD11AF982CBFFEDD00D115FF /* Assets.xcassets */,
				DD11AF9A2CBFFEDD00D115FF /* Preview Content */,
			);
			path = aroundTheWorld;
			sourceTree = "<group>";
		};
		DD11AF9A2CBFFEDD00D115FF /* Preview Content */ = {
			isa = PBXGroup;
			children = (
				DD11AF9B2CBFFEDD00D115FF /* Preview Assets.xcassets */,
			);
			path = "Preview Content";
			sourceTree = "<group>";
		};
		DD11AFA22CC0010A00D115FF /* Models */ = {
			isa = PBXGroup;
			children = (
				DD11AFA32CC0014D00D115FF /* City.swift */,
			);
			path = Models;
			sourceTree = "<group>";
		};
		DD11AFA52CC007EB00D115FF /* ViewModels */ = {
			isa = PBXGroup;
			children = (
				DD11AFA62CC0080500D115FF /* HomeViewModel.swift */,
			);
			path = ViewModels;
			sourceTree = "<group>";
		};
		DD11AFA82CC00FC400D115FF /* Helpers */ = {
			isa = PBXGroup;
			children = (
				DD11AFA92CC00FDB00D115FF /* APIService.swift */,
			);
			path = Helpers;
			sourceTree = "<group>";
		};
/* End PBXGroup section */

/* Begin PBXNativeTarget section */
		DD11AF902CBFFEDC00D115FF /* aroundTheWorld */ = {
			isa = PBXNativeTarget;
			buildConfigurationList = DD11AF9F2CBFFEDD00D115FF /* Build configuration list for PBXNativeTarget "aroundTheWorld" */;
			buildPhases = (
				DD11AF8D2CBFFEDC00D115FF /* Sources */,
				DD11AF8E2CBFFEDC00D115FF /* Frameworks */,
				DD11AF8F2CBFFEDC00D115FF /* Resources */,
			);
			buildRules = (
			);
			dependencies = (
			);
			name = aroundTheWorld;
			productName = aroundTheWorld;
			productReference = DD11AF912CBFFEDC00D115FF /* aroundTheWorld.app */;
			productType = "com.apple.product-type.application";
		};
/* End PBXNativeTarget section */

/* Begin PBXProject section */
		DD11AF892CBFFEDC00D115FF /* Project object */ = {
			isa = PBXProject;
			attributes = {
				BuildIndependentTargetsInParallel = 1;
				LastSwiftUpdateCheck = 1500;
				LastUpgradeCheck = 1500;
				TargetAttributes = {
					DD11AF902CBFFEDC00D115FF = {
						CreatedOnToolsVersion = 15.0.1;
					};
				};
			};
			buildConfigurationList = DD11AF8C2CBFFEDC00D115FF /* Build configuration list for PBXProject "aroundTheWorld" */;
			compatibilityVersion = "Xcode 14.0";
			developmentRegion = en;
			hasScannedForEncodings = 0;
			knownRegions = (
				en,
				Base,
			);
			mainGroup = DD11AF882CBFFEDC00D115FF;
			productRefGroup = DD11AF922CBFFEDC00D115FF /* Products */;
			projectDirPath = "";
			projectRoot = "";
			targets = (
				DD11AF902CBFFEDC00D115FF /* aroundTheWorld */,
			);
		};
/* End PBXProject section */

/* Begin PBXResourcesBuildPhase section */
		DD11AF8F2CBFFEDC00D115FF /* Resources */ = {
			isa = PBXResourcesBuildPhase;
			buildActionMask = 2147483647;
			files = (
				DD11AF9C2CBFFEDD00D115FF /* Preview Assets.xcassets in Resources */,
				DD11AF992CBFFEDD00D115FF /* Assets.xcassets in Resources */,
			);
			runOnlyForDeploymentPostprocessing = 0;
		};
/* End PBXResourcesBuildPhase section */

/* Begin PBXSourcesBuildPhase section */
		DD11AF8D2CBFFEDC00D115FF /* Sources */ = {
			isa = PBXSourcesBuildPhase;
			buildActionMask = 2147483647;
			files = (
				DD11AF972CBFFEDC00D115FF /* ContentView.swift in Sources */,
				DD11AFAA2CC00FDB00D115FF /* APIService.swift in Sources */,
				DD11AF952CBFFEDC00D115FF /* aroundTheWorldApp.swift in Sources */,
				DD11AFA42CC0014D00D115FF /* City.swift in Sources */,
				DD11AFA72CC0080500D115FF /* HomeViewModel.swift in Sources */,
			);
			runOnlyForDeploymentPostprocessing = 0;
		};
/* End PBXSourcesBuildPhase section */

/* Begin XCBuildConfiguration section */
		DD11AF9D2CBFFEDD00D115FF /* Debug */ = {
			isa = XCBuildConfiguration;
			buildSettings = {
				ALWAYS_SEARCH_USER_PATHS = NO;
				ASSETCATALOG_COMPILER_GENERATE_SWIFT_ASSET_SYMBOL_EXTENSIONS = YES;
				CLANG_ANALYZER_NONNULL = YES;
				CLANG_ANALYZER_NUMBER_OBJECT_CONVERSION = YES_AGGRESSIVE;
				CLANG_CXX_LANGUAGE_STANDARD = "gnu++20";
				CLANG_ENABLE_MODULES = YES;
				CLANG_ENABLE_OBJC_ARC = YES;
				CLANG_ENABLE_OBJC_WEAK = YES;
				CLANG_WARN_BLOCK_CAPTURE_AUTORELEASING = YES;
				CLANG_WARN_BOOL_CONVERSION = YES;
				CLANG_WARN_COMMA = YES;
				CLANG_WARN_CONSTANT_CONVERSION = YES;
				CLANG_WARN_DEPRECATED_OBJC_IMPLEMENTATIONS = YES;
				CLANG_WARN_DIRECT_OBJC_ISA_USAGE = YES_ERROR;
				CLANG_WARN_DOCUMENTATION_COMMENTS = YES;
				CLANG_WARN_EMPTY_BODY = YES;
				CLANG_WARN_ENUM_CONVERSION = YES;
				CLANG_WARN_INFINITE_RECURSION = YES;
				CLANG_WARN_INT_CONVERSION = YES;
				CLANG_WARN_NON_LITERAL_NULL_CONVERSION = YES;
				CLANG_WARN_OBJC_IMPLICIT_RETAIN_SELF = YES;
				CLANG_WARN_OBJC_LITERAL_CONVERSION = YES;
				CLANG_WARN_OBJC_ROOT_CLASS = YES_ERROR;
				CLANG_WARN_QUOTED_INCLUDE_IN_FRAMEWORK_HEADER = YES;
				CLANG_WARN_RANGE_LOOP_ANALYSIS = YES;
				CLANG_WARN_STRICT_PROTOTYPES = YES;
				CLANG_WARN_SUSPICIOUS_MOVE = YES;
				CLANG_WARN_UNGUARDED_AVAILABILITY = YES_AGGRESSIVE;
				CLANG_WARN_UNREACHABLE_CODE = YES;
				CLANG_WARN__DUPLICATE_METHOD_MATCH = YES;
				COPY_PHASE_STRIP = NO;
				DEBUG_INFORMATION_FORMAT = dwarf;
				ENABLE_STRICT_OBJC_MSGSEND = YES;
				ENABLE_TESTABILITY = YES;
				ENABLE_USER_SCRIPT_SANDBOXING = YES;
				GCC_C_LANGUAGE_STANDARD = gnu17;
				GCC_DYNAMIC_NO_PIC = NO;
				GCC_NO_COMMON_BLOCKS = YES;
				GCC_OPTIMIZATION_LEVEL = 0;
				GCC_PREPROCESSOR_DEFINITIONS = (
					"DEBUG=1",
					"$(inherited)",
				);
				GCC_WARN_64_TO_32_BIT_CONVERSION = YES;
				GCC_WARN_ABOUT_RETURN_TYPE = YES_ERROR;
				GCC_WARN_UNDECLARED_SELECTOR = YES;
				GCC_WARN_UNINITIALIZED_AUTOS = YES_AGGRESSIVE;
				GCC_WARN_UNUSED_FUNCTION = YES;
				GCC_WARN_UNUSED_VARIABLE = YES;
				IPHONEOS_DEPLOYMENT_TARGET = 17.0;
				LOCALIZATION_PREFERS_STRING_CATALOGS = YES;
				MTL_ENABLE_DEBUG_INFO = INCLUDE_SOURCE;
				MTL_FAST_MATH = YES;
				ONLY_ACTIVE_ARCH = YES;
				SDKROOT = iphoneos;
				SWIFT_ACTIVE_COMPILATION_CONDITIONS = "DEBUG $(inherited)";
				SWIFT_OPTIMIZATION_LEVEL = "-Onone";
			};
			name = Debug;
		};
		DD11AF9E2CBFFEDD00D115FF /* Release */ = {
			isa = XCBuildConfiguration;
			buildSettings = {
				ALWAYS_SEARCH_USER_PATHS = NO;
				ASSETCATALOG_COMPILER_GENERATE_SWIFT_ASSET_SYMBOL_EXTENSIONS = YES;
				CLANG_ANALYZER_NONNULL = YES;
				CLANG_ANALYZER_NUMBER_OBJECT_CONVERSION = YES_AGGRESSIVE;
				CLANG_CXX_LANGUAGE_STANDARD = "gnu++20";
				CLANG_ENABLE_MODULES = YES;
				CLANG_ENABLE_OBJC_ARC = YES;
				CLANG_ENABLE_OBJC_WEAK = YES;
				CLANG_WARN_BLOCK_CAPTURE_AUTORELEASING = YES;
				CLANG_WARN_BOOL_CONVERSION = YES;
				CLANG_WARN_COMMA = YES;
				CLANG_WARN_CONSTANT_CONVERSION = YES;
				CLANG_WARN_DEPRECATED_OBJC_IMPLEMENTATIONS = YES;
				CLANG_WARN_DIRECT_OBJC_ISA_USAGE = YES_ERROR;
				CLANG_WARN_DOCUMENTATION_COMMENTS = YES;
				CLANG_WARN_EMPTY_BODY = YES;
				CLANG_WARN_ENUM_CONVERSION = YES;
				CLANG_WARN_INFINITE_RECURSION = YES;
				CLANG_WARN_INT_CONVERSION = YES;
				CLANG_WARN_NON_LITERAL_NULL_CONVERSION = YES;
				CLANG_WARN_OBJC_IMPLICIT_RETAIN_SELF = YES;
				CLANG_WARN_OBJC_LITERAL_CONVERSION = YES;
				CLANG_WARN_OBJC_ROOT_CLASS = YES_ERROR;
				CLANG_WARN_QUOTED_INCLUDE_IN_FRAMEWORK_HEADER = YES;
				CLANG_WARN_RANGE_LOOP_ANALYSIS = YES;
				CLANG_WARN_STRICT_PROTOTYPES = YES;
				CLANG_WARN_SUSPICIOUS_MOVE = YES;
				CLANG_WARN_UNGUARDED_AVAILABILITY = YES_AGGRESSIVE;
				CLANG_WARN_UNREACHABLE_CODE = YES;
				CLANG_WARN__DUPLICATE_METHOD_MATCH = YES;
				COPY_PHASE_STRIP = NO;
				DEBUG_INFORMATION_FORMAT = "dwarf-with-dsym";
				ENABLE_NS_ASSERTIONS = NO;
				ENABLE_STRICT_OBJC_MSGSEND = YES;
				ENABLE_USER_SCRIPT_SANDBOXING = YES;
				GCC_C_LANGUAGE_STANDARD = gnu17;
				GCC_NO_COMMON_BLOCKS = YES;
				GCC_WARN_64_TO_32_BIT_CONVERSION = YES;
				GCC_WARN_ABOUT_RETURN_TYPE = YES_ERROR;
				GCC_WARN_UNDECLARED_SELECTOR = YES;
				GCC_WARN_UNINITIALIZED_AUTOS = YES_AGGRESSIVE;
				GCC_WARN_UNUSED_FUNCTION = YES;
				GCC_WARN_UNUSED_VARIABLE = YES;
				IPHONEOS_DEPLOYMENT_TARGET = 17.0;
				LOCALIZATION_PREFERS_STRING_CATALOGS = YES;
				MTL_ENABLE_DEBUG_INFO = NO;
				MTL_FAST_MATH = YES;
				SDKROOT = iphoneos;
				SWIFT_COMPILATION_MODE = wholemodule;
				VALIDATE_PRODUCT = YES;
			};
			name = Release;
		};
		DD11AFA02CBFFEDD00D115FF /* Debug */ = {
			isa = XCBuildConfiguration;
			buildSettings = {
				ASSETCATALOG_COMPILER_APPICON_NAME = AppIcon;
				ASSETCATALOG_COMPILER_GLOBAL_ACCENT_COLOR_NAME = AccentColor;
				CODE_SIGN_STYLE = Automatic;
				CURRENT_PROJECT_VERSION = 1;
				DEVELOPMENT_ASSET_PATHS = "\"aroundTheWorld/Preview Content\"";
				DEVELOPMENT_TEAM = C4XSSD23UD;
				ENABLE_PREVIEWS = YES;
				GENERATE_INFOPLIST_FILE = YES;
				INFOPLIST_KEY_UIApplicationSceneManifest_Generation = YES;
				INFOPLIST_KEY_UIApplicationSupportsIndirectInputEvents = YES;
				INFOPLIST_KEY_UILaunchScreen_Generation = YES;
				INFOPLIST_KEY_UISupportedInterfaceOrientations_iPad = "UIInterfaceOrientationPortrait UIInterfaceOrientationPortraitUpsideDown UIInterfaceOrientationLandscapeLeft UIInterfaceOrientationLandscapeRight";
				INFOPLIST_KEY_UISupportedInterfaceOrientations_iPhone = "UIInterfaceOrientationPortrait UIInterfaceOrientationLandscapeLeft UIInterfaceOrientationLandscapeRight";
				LD_RUNPATH_SEARCH_PATHS = (
					"$(inherited)",
					"@executable_path/Frameworks",
				);
				MARKETING_VERSION = 1.0;
				PRODUCT_BUNDLE_IDENTIFIER = com.federicoLupotti.aroundTheWorld;
				PRODUCT_NAME = "$(TARGET_NAME)";
				SWIFT_EMIT_LOC_STRINGS = YES;
				SWIFT_VERSION = 5.0;
				TARGETED_DEVICE_FAMILY = "1,2";
			};
			name = Debug;
		};
		DD11AFA12CBFFEDD00D115FF /* Release */ = {
			isa = XCBuildConfiguration;
			buildSettings = {
				ASSETCATALOG_COMPILER_APPICON_NAME = AppIcon;
				ASSETCATALOG_COMPILER_GLOBAL_ACCENT_COLOR_NAME = AccentColor;
				CODE_SIGN_STYLE = Automatic;
				CURRENT_PROJECT_VERSION = 1;
				DEVELOPMENT_ASSET_PATHS = "\"aroundTheWorld/Preview Content\"";
				DEVELOPMENT_TEAM = C4XSSD23UD;
				ENABLE_PREVIEWS = YES;
				GENERATE_INFOPLIST_FILE = YES;
				INFOPLIST_KEY_UIApplicationSceneManifest_Generation = YES;
				INFOPLIST_KEY_UIApplicationSupportsIndirectInputEvents = YES;
				INFOPLIST_KEY_UILaunchScreen_Generation = YES;
				INFOPLIST_KEY_UISupportedInterfaceOrientations_iPad = "UIInterfaceOrientationPortrait UIInterfaceOrientationPortraitUpsideDown UIInterfaceOrientationLandscapeLeft UIInterfaceOrientationLandscapeRight";
				INFOPLIST_KEY_UISupportedInterfaceOrientations_iPhone = "UIInterfaceOrientationPortrait UIInterfaceOrientationLandscapeLeft UIInterfaceOrientationLandscapeRight";
				LD_RUNPATH_SEARCH_PATHS = (
					"$(inherited)",
					"@executable_path/Frameworks",
				);
				MARKETING_VERSION = 1.0;
				PRODUCT_BUNDLE_IDENTIFIER = com.federicoLupotti.aroundTheWorld;
				PRODUCT_NAME = "$(TARGET_NAME)";
				SWIFT_EMIT_LOC_STRINGS = YES;
				SWIFT_VERSION = 5.0;
				TARGETED_DEVICE_FAMILY = "1,2";
			};
			name = Release;
		};
/* End XCBuildConfiguration section */

/* Begin XCConfigurationList section */
		DD11AF8C2CBFFEDC00D115FF /* Build configuration list for PBXProject "aroundTheWorld" */ = {
			isa = XCConfigurationList;
			buildConfigurations = (
				DD11AF9D2CBFFEDD00D115FF /* Debug */,
				DD11AF9E2CBFFEDD00D115FF /* Release */,
			);
			defaultConfigurationIsVisible = 0;
			defaultConfigurationName = Release;
		};
		DD11AF9F2CBFFEDD00D115FF /* Build configuration list for PBXNativeTarget "aroundTheWorld" */ = {
			isa = XCConfigurationList;
			buildConfigurations = (
				DD11AFA02CBFFEDD00D115FF /* Debug */,
				DD11AFA12CBFFEDD00D115FF /* Release */,
			);
			defaultConfigurationIsVisible = 0;
			defaultConfigurationName = Release;
		};
/* End XCConfigurationList section */
	};
	rootObject = DD11AF892CBFFEDC00D115FF /* Project object */;
}
