// !$*UTF8*$!
{
	archiveVersion = 1;
	classes = {
	};
	objectVersion = 56;
	objects = {

/* Begin PBXBuildFile section */
		DD11AF952CBFFEDC00D115FF /* aroundTheWorldApp.swift in Sources */ = {isa = PBXBuildFile; fileRef = DD11AF942CBFFEDC00D115FF /* aroundTheWorldApp.swift */; };
		DD11AF972CBFFEDC00D115FF /* HomeScreen.swift in Sources */ = {isa = PBXBuildFile; fileRef = DD11AF962CBFFEDC00D115FF /* HomeScreen.swift */; };
		DD11AF992CBFFEDD00D115FF /* Assets.xcassets in Resources */ = {isa = PBXBuildFile; fileRef = DD11AF982CBFFEDD00D115FF /* Assets.xcassets */; };
		DD11AF9C2CBFFEDD00D115FF /* Preview Assets.xcassets in Resources */ = {isa = PBXBuildFile; fileRef = DD11AF9B2CBFFEDD00D115FF /* Preview Assets.xcassets */; };
		DD11AFA42CC0014D00D115FF /* City.swift in Sources */ = {isa = PBXBuildFile; fileRef = DD11AFA32CC0014D00D115FF /* City.swift */; };
		DD11AFA72CC0080500D115FF /* HomeViewModel.swift in Sources */ = {isa = PBXBuildFile; fileRef = DD11AFA62CC0080500D115FF /* HomeViewModel.swift */; };
		DD11AFAA2CC00FDB00D115FF /* APIService.swift in Sources */ = {isa = PBXBuildFile; fileRef = DD11AFA92CC00FDB00D115FF /* APIService.swift */; };
		DD11AFAD2CC0480000D115FF /* MapScreen.swift in Sources */ = {isa = PBXBuildFile; fileRef = DD11AFAC2CC0480000D115FF /* MapScreen.swift */; };
		DD11AFB52CC15C4300D115FF /* CityToggleStyle.swift in Sources */ = {isa = PBXBuildFile; fileRef = DD11AFB42CC15C4300D115FF /* CityToggleStyle.swift */; };
		DD11AFBB2CC17AB300D115FF /* CityCellView.swift in Sources */ = {isa = PBXBuildFile; fileRef = DD11AFBA2CC17AB300D115FF /* CityCellView.swift */; };
		DD3099382CC40007004F7E94 /* MockNetworkService.swift in Sources */ = {isa = PBXBuildFile; fileRef = DD3099372CC40007004F7E94 /* MockNetworkService.swift */; };
		DD30993C2CC42404004F7E94 /* HomeViewModelTest.swift in Sources */ = {isa = PBXBuildFile; fileRef = DD30993B2CC42404004F7E94 /* HomeViewModelTest.swift */; };
		DD33DF322CC3ABC900011E44 /* APIServiceTests.swift in Sources */ = {isa = PBXBuildFile; fileRef = DD33DF312CC3ABC900011E44 /* APIServiceTests.swift */; };
		DD3A02972CC23C9F00A66B10 /* OrientationManager.swift in Sources */ = {isa = PBXBuildFile; fileRef = DD3A02962CC23C9F00A66B10 /* OrientationManager.swift */; };
		DD552DF02CC642A20035522B /* CityDetailSheetScreen.swift in Sources */ = {isa = PBXBuildFile; fileRef = DD552DEF2CC642A20035522B /* CityDetailSheetScreen.swift */; };
		DDD9F81D2CC57F2000077EED /* CityRepository.swift in Sources */ = {isa = PBXBuildFile; fileRef = DDD9F81C2CC57F2000077EED /* CityRepository.swift */; };
/* End PBXBuildFile section */

/* Begin PBXContainerItemProxy section */
		DD33DF332CC3ABC900011E44 /* PBXContainerItemProxy */ = {
			isa = PBXContainerItemProxy;
			containerPortal = DD11AF892CBFFEDC00D115FF /* Project object */;
			proxyType = 1;
			remoteGlobalIDString = DD11AF902CBFFEDC00D115FF;
			remoteInfo = aroundTheWorld;
		};
/* End PBXContainerItemProxy section */

/* Begin PBXFileReference section */
		DD11AF912CBFFEDC00D115FF /* aroundTheWorld.app */ = {isa = PBXFileReference; explicitFileType = wrapper.application; includeInIndex = 0; path = aroundTheWorld.app; sourceTree = BUILT_PRODUCTS_DIR; };
		DD11AF942CBFFEDC00D115FF /* aroundTheWorldApp.swift */ = {isa = PBXFileReference; lastKnownFileType = sourcecode.swift; path = aroundTheWorldApp.swift; sourceTree = "<group>"; };
		DD11AF962CBFFEDC00D115FF /* HomeScreen.swift */ = {isa = PBXFileReference; lastKnownFileType = sourcecode.swift; path = HomeScreen.swift; sourceTree = "<group>"; };
		DD11AF982CBFFEDD00D115FF /* Assets.xcassets */ = {isa = PBXFileReference; lastKnownFileType = folder.assetcatalog; path = Assets.xcassets; sourceTree = "<group>"; };
		DD11AF9B2CBFFEDD00D115FF /* Preview Assets.xcassets */ = {isa = PBXFileReference; lastKnownFileType = folder.assetcatalog; path = "Preview Assets.xcassets"; sourceTree = "<group>"; };
		DD11AFA32CC0014D00D115FF /* City.swift */ = {isa = PBXFileReference; lastKnownFileType = sourcecode.swift; path = City.swift; sourceTree = "<group>"; };
		DD11AFA62CC0080500D115FF /* HomeViewModel.swift */ = {isa = PBXFileReference; lastKnownFileType = sourcecode.swift; path = HomeViewModel.swift; sourceTree = "<group>"; };
		DD11AFA92CC00FDB00D115FF /* APIService.swift */ = {isa = PBXFileReference; lastKnownFileType = sourcecode.swift; path = APIService.swift; sourceTree = "<group>"; };
		DD11AFAC2CC0480000D115FF /* MapScreen.swift */ = {isa = PBXFileReference; lastKnownFileType = sourcecode.swift; path = MapScreen.swift; sourceTree = "<group>"; };
		DD11AFB42CC15C4300D115FF /* CityToggleStyle.swift */ = {isa = PBXFileReference; lastKnownFileType = sourcecode.swift; path = CityToggleStyle.swift; sourceTree = "<group>"; };
		DD11AFBA2CC17AB300D115FF /* CityCellView.swift */ = {isa = PBXFileReference; lastKnownFileType = sourcecode.swift; path = CityCellView.swift; sourceTree = "<group>"; };
		DD3099372CC40007004F7E94 /* MockNetworkService.swift */ = {isa = PBXFileReference; lastKnownFileType = sourcecode.swift; path = MockNetworkService.swift; sourceTree = "<group>"; };
		DD30993B2CC42404004F7E94 /* HomeViewModelTest.swift */ = {isa = PBXFileReference; lastKnownFileType = sourcecode.swift; path = HomeViewModelTest.swift; sourceTree = "<group>"; };
		DD33DF2F2CC3ABC900011E44 /* aroundTheWorldTests.xctest */ = {isa = PBXFileReference; explicitFileType = wrapper.cfbundle; includeInIndex = 0; path = aroundTheWorldTests.xctest; sourceTree = BUILT_PRODUCTS_DIR; };
		DD33DF312CC3ABC900011E44 /* APIServiceTests.swift */ = {isa = PBXFileReference; lastKnownFileType = sourcecode.swift; path = APIServiceTests.swift; sourceTree = "<group>"; };
		DD3A02962CC23C9F00A66B10 /* OrientationManager.swift */ = {isa = PBXFileReference; lastKnownFileType = sourcecode.swift; path = OrientationManager.swift; sourceTree = "<group>"; };
		DD552DEF2CC642A20035522B /* CityDetailSheetScreen.swift */ = {isa = PBXFileReference; lastKnownFileType = sourcecode.swift; path = CityDetailSheetScreen.swift; sourceTree = "<group>"; };
		DDD9F81C2CC57F2000077EED /* CityRepository.swift */ = {isa = PBXFileReference; lastKnownFileType = sourcecode.swift; path = CityRepository.swift; sourceTree = "<group>"; };
/* End PBXFileReference section */

/* Begin PBXFrameworksBuildPhase section */
		DD11AF8E2CBFFEDC00D115FF /* Frameworks */ = {
			isa = PBXFrameworksBuildPhase;
			buildActionMask = 2147483647;
			files = (
			);
			runOnlyForDeploymentPostprocessing = 0;
		};
		DD33DF2C2CC3ABC900011E44 /* Frameworks */ = {
			isa = PBXFrameworksBuildPhase;
			buildActionMask = 2147483647;
			files = (
			);
			runOnlyForDeploymentPostprocessing = 0;
		};
/* End PBXFrameworksBuildPhase section */

/* Begin PBXGroup section */
		DD11AF882CBFFEDC00D115FF = {
			isa = PBXGroup;
			children = (
				DD11AF932CBFFEDC00D115FF /* aroundTheWorld */,
				DD33DF302CC3ABC900011E44 /* aroundTheWorldTests */,
				DD11AF922CBFFEDC00D115FF /* Products */,
			);
			sourceTree = "<group>";
		};
		DD11AF922CBFFEDC00D115FF /* Products */ = {
			isa = PBXGroup;
			children = (
				DD11AF912CBFFEDC00D115FF /* aroundTheWorld.app */,
				DD33DF2F2CC3ABC900011E44 /* aroundTheWorldTests.xctest */,
			);
			name = Products;
			sourceTree = "<group>";
		};
		DD11AF932CBFFEDC00D115FF /* aroundTheWorld */ = {
			isa = PBXGroup;
			children = (
				DD11AF942CBFFEDC00D115FF /* aroundTheWorldApp.swift */,
				DD11AFAB2CC020DC00D115FF /* Views */,
				DD11AFA52CC007EB00D115FF /* ViewModels */,
				DD11AFA82CC00FC400D115FF /* Helpers+Mocks */,
				DD11AFA22CC0010A00D115FF /* Models */,
				DD11AFB32CC15C1900D115FF /* Utils */,
				DD11AF982CBFFEDD00D115FF /* Assets.xcassets */,
				DD11AF9A2CBFFEDD00D115FF /* Preview Content */,
			);
			path = aroundTheWorld;
			sourceTree = "<group>";
		};
		DD11AF9A2CBFFEDD00D115FF /* Preview Content */ = {
			isa = PBXGroup;
			children = (
				DD11AF9B2CBFFEDD00D115FF /* Preview Assets.xcassets */,
			);
			path = "Preview Content";
			sourceTree = "<group>";
		};
		DD11AFA22CC0010A00D115FF /* Models */ = {
			isa = PBXGroup;
			children = (
				DD11AFA32CC0014D00D115FF /* City.swift */,
			);
			path = Models;
			sourceTree = "<group>";
		};
		DD11AFA52CC007EB00D115FF /* ViewModels */ = {
			isa = PBXGroup;
			children = (
				DD11AFA62CC0080500D115FF /* HomeViewModel.swift */,
			);
			path = ViewModels;
			sourceTree = "<group>";
		};
		DD11AFA82CC00FC400D115FF /* Helpers+Mocks */ = {
			isa = PBXGroup;
			children = (
				DD30993A2CC4236A004F7E94 /* Mocks */,
				DD11AFA92CC00FDB00D115FF /* APIService.swift */,
				DDD9F81C2CC57F2000077EED /* CityRepository.swift */,
				DD3A02962CC23C9F00A66B10 /* OrientationManager.swift */,
			);
			path = "Helpers+Mocks";
			sourceTree = "<group>";
		};
		DD11AFAB2CC020DC00D115FF /* Views */ = {
			isa = PBXGroup;
			children = (
				DD11AF962CBFFEDC00D115FF /* HomeScreen.swift */,
				DD11AFBA2CC17AB300D115FF /* CityCellView.swift */,
				DD11AFAC2CC0480000D115FF /* MapScreen.swift */,
				DD552DEF2CC642A20035522B /* CityDetailSheetScreen.swift */,
			);
			path = Views;
			sourceTree = "<group>";
		};
		DD11AFB32CC15C1900D115FF /* Utils */ = {
			isa = PBXGroup;
			children = (
				DD11AFB42CC15C4300D115FF /* CityToggleStyle.swift */,
			);
			path = Utils;
			sourceTree = "<group>";
		};
		DD30993A2CC4236A004F7E94 /* Mocks */ = {
			isa = PBXGroup;
			children = (
				DD3099372CC40007004F7E94 /* MockNetworkService.swift */,
			);
			path = Mocks;
			sourceTree = "<group>";
		};
		DD33DF302CC3ABC900011E44 /* aroundTheWorldTests */ = {
			isa = PBXGroup;
			children = (
				DD33DF312CC3ABC900011E44 /* APIServiceTests.swift */,
				DD30993B2CC42404004F7E94 /* HomeViewModelTest.swift */,
			);
			path = aroundTheWorldTests;
			sourceTree = "<group>";
		};
/* End PBXGroup section */

/* Begin PBXNativeTarget section */
		DD11AF902CBFFEDC00D115FF /* aroundTheWorld */ = {
			isa = PBXNativeTarget;
			buildConfigurationList = DD11AF9F2CBFFEDD00D115FF /* Build configuration list for PBXNativeTarget "aroundTheWorld" */;
			buildPhases = (
				DD11AF8D2CBFFEDC00D115FF /* Sources */,
				DD11AF8E2CBFFEDC00D115FF /* Frameworks */,
				DD11AF8F2CBFFEDC00D115FF /* Resources */,
			);
			buildRules = (
			);
			dependencies = (
			);
			name = aroundTheWorld;
			productName = aroundTheWorld;
			productReference = DD11AF912CBFFEDC00D115FF /* aroundTheWorld.app */;
			productType = "com.apple.product-type.application";
		};
		DD33DF2E2CC3ABC900011E44 /* aroundTheWorldTests */ = {
			isa = PBXNativeTarget;
			buildConfigurationList = DD33DF372CC3ABC900011E44 /* Build configuration list for PBXNativeTarget "aroundTheWorldTests" */;
			buildPhases = (
				DD33DF2B2CC3ABC900011E44 /* Sources */,
				DD33DF2C2CC3ABC900011E44 /* Frameworks */,
				DD33DF2D2CC3ABC900011E44 /* Resources */,
			);
			buildRules = (
			);
			dependencies = (
				DD33DF342CC3ABC900011E44 /* PBXTargetDependency */,
			);
			name = aroundTheWorldTests;
			productName = aroundTheWorldTests;
			productReference = DD33DF2F2CC3ABC900011E44 /* aroundTheWorldTests.xctest */;
			productType = "com.apple.product-type.bundle.unit-test";
		};
/* End PBXNativeTarget section */

/* Begin PBXProject section */
		DD11AF892CBFFEDC00D115FF /* Project object */ = {
			isa = PBXProject;
			attributes = {
				BuildIndependentTargetsInParallel = 1;
				LastSwiftUpdateCheck = 1500;
				LastUpgradeCheck = 1500;
				TargetAttributes = {
					DD11AF902CBFFEDC00D115FF = {
						CreatedOnToolsVersion = 15.0.1;
					};
					DD33DF2E2CC3ABC900011E44 = {
						CreatedOnToolsVersion = 15.0.1;
						TestTargetID = DD11AF902CBFFEDC00D115FF;
					};
				};
			};
			buildConfigurationList = DD11AF8C2CBFFEDC00D115FF /* Build configuration list for PBXProject "aroundTheWorld" */;
			compatibilityVersion = "Xcode 14.0";
			developmentRegion = en;
			hasScannedForEncodings = 0;
			knownRegions = (
				en,
				Base,
			);
			mainGroup = DD11AF882CBFFEDC00D115FF;
			productRefGroup = DD11AF922CBFFEDC00D115FF /* Products */;
			projectDirPath = "";
			projectRoot = "";
			targets = (
				DD11AF902CBFFEDC00D115FF /* aroundTheWorld */,
				DD33DF2E2CC3ABC900011E44 /* aroundTheWorldTests */,
			);
		};
/* End PBXProject section */

/* Begin PBXResourcesBuildPhase section */
		DD11AF8F2CBFFEDC00D115FF /* Resources */ = {
			isa = PBXResourcesBuildPhase;
			buildActionMask = 2147483647;
			files = (
				DD11AF9C2CBFFEDD00D115FF /* Preview Assets.xcassets in Resources */,
				DD11AF992CBFFEDD00D115FF /* Assets.xcassets in Resources */,
			);
			runOnlyForDeploymentPostprocessing = 0;
		};
		DD33DF2D2CC3ABC900011E44 /* Resources */ = {
			isa = PBXResourcesBuildPhase;
			buildActionMask = 2147483647;
			files = (
			);
			runOnlyForDeploymentPostprocessing = 0;
		};
/* End PBXResourcesBuildPhase section */

/* Begin PBXSourcesBuildPhase section */
		DD11AF8D2CBFFEDC00D115FF /* Sources */ = {
			isa = PBXSourcesBuildPhase;
			buildActionMask = 2147483647;
			files = (
				DD11AFAD2CC0480000D115FF /* MapScreen.swift in Sources */,
				DDD9F81D2CC57F2000077EED /* CityRepository.swift in Sources */,
				DD11AFBB2CC17AB300D115FF /* CityCellView.swift in Sources */,
				DD3099382CC40007004F7E94 /* MockNetworkService.swift in Sources */,
				DD3A02972CC23C9F00A66B10 /* OrientationManager.swift in Sources */,
				DD11AFB52CC15C4300D115FF /* CityToggleStyle.swift in Sources */,
				DD11AF972CBFFEDC00D115FF /* HomeScreen.swift in Sources */,
				DD11AFAA2CC00FDB00D115FF /* APIService.swift in Sources */,
				DD11AF952CBFFEDC00D115FF /* aroundTheWorldApp.swift in Sources */,
				DD11AFA42CC0014D00D115FF /* City.swift in Sources */,
				DD11AFA72CC0080500D115FF /* HomeViewModel.swift in Sources */,
				DD552DF02CC642A20035522B /* CityDetailSheetScreen.swift in Sources */,
			);
			runOnlyForDeploymentPostprocessing = 0;
		};
		DD33DF2B2CC3ABC900011E44 /* Sources */ = {
			isa = PBXSourcesBuildPhase;
			buildActionMask = 2147483647;
			files = (
				DD33DF322CC3ABC900011E44 /* APIServiceTests.swift in Sources */,
				DD30993C2CC42404004F7E94 /* HomeViewModelTest.swift in Sources */,
			);
			runOnlyForDeploymentPostprocessing = 0;
		};
/* End PBXSourcesBuildPhase section */

/* Begin PBXTargetDependency section */
		DD33DF342CC3ABC900011E44 /* PBXTargetDependency */ = {
			isa = PBXTargetDependency;
			target = DD11AF902CBFFEDC00D115FF /* aroundTheWorld */;
			targetProxy = DD33DF332CC3ABC900011E44 /* PBXContainerItemProxy */;
		};
/* End PBXTargetDependency section */

/* Begin XCBuildConfiguration section */
		DD11AF9D2CBFFEDD00D115FF /* Debug */ = {
			isa = XCBuildConfiguration;
			buildSettings = {
				ALWAYS_SEARCH_USER_PATHS = NO;
				ASSETCATALOG_COMPILER_GENERATE_SWIFT_ASSET_SYMBOL_EXTENSIONS = YES;
				CLANG_ANALYZER_NONNULL = YES;
				CLANG_ANALYZER_NUMBER_OBJECT_CONVERSION = YES_AGGRESSIVE;
				CLANG_CXX_LANGUAGE_STANDARD = "gnu++20";
				CLANG_ENABLE_MODULES = YES;
				CLANG_ENABLE_OBJC_ARC = YES;
				CLANG_ENABLE_OBJC_WEAK = YES;
				CLANG_WARN_BLOCK_CAPTURE_AUTORELEASING = YES;
				CLANG_WARN_BOOL_CONVERSION = YES;
				CLANG_WARN_COMMA = YES;
				CLANG_WARN_CONSTANT_CONVERSION = YES;
				CLANG_WARN_DEPRECATED_OBJC_IMPLEMENTATIONS = YES;
				CLANG_WARN_DIRECT_OBJC_ISA_USAGE = YES_ERROR;
				CLANG_WARN_DOCUMENTATION_COMMENTS = YES;
				CLANG_WARN_EMPTY_BODY = YES;
				CLANG_WARN_ENUM_CONVERSION = YES;
				CLANG_WARN_INFINITE_RECURSION = YES;
				CLANG_WARN_INT_CONVERSION = YES;
				CLANG_WARN_NON_LITERAL_NULL_CONVERSION = YES;
				CLANG_WARN_OBJC_IMPLICIT_RETAIN_SELF = YES;
				CLANG_WARN_OBJC_LITERAL_CONVERSION = YES;
				CLANG_WARN_OBJC_ROOT_CLASS = YES_ERROR;
				CLANG_WARN_QUOTED_INCLUDE_IN_FRAMEWORK_HEADER = YES;
				CLANG_WARN_RANGE_LOOP_ANALYSIS = YES;
				CLANG_WARN_STRICT_PROTOTYPES = YES;
				CLANG_WARN_SUSPICIOUS_MOVE = YES;
				CLANG_WARN_UNGUARDED_AVAILABILITY = YES_AGGRESSIVE;
				CLANG_WARN_UNREACHABLE_CODE = YES;
				CLANG_WARN__DUPLICATE_METHOD_MATCH = YES;
				COPY_PHASE_STRIP = NO;
				DEBUG_INFORMATION_FORMAT = dwarf;
				ENABLE_STRICT_OBJC_MSGSEND = YES;
				ENABLE_TESTABILITY = YES;
				ENABLE_USER_SCRIPT_SANDBOXING = YES;
				GCC_C_LANGUAGE_STANDARD = gnu17;
				GCC_DYNAMIC_NO_PIC = NO;
				GCC_NO_COMMON_BLOCKS = YES;
				GCC_OPTIMIZATION_LEVEL = 0;
				GCC_PREPROCESSOR_DEFINITIONS = (
					"DEBUG=1",
					"$(inherited)",
				);
				GCC_WARN_64_TO_32_BIT_CONVERSION = YES;
				GCC_WARN_ABOUT_RETURN_TYPE = YES_ERROR;
				GCC_WARN_UNDECLARED_SELECTOR = YES;
				GCC_WARN_UNINITIALIZED_AUTOS = YES_AGGRESSIVE;
				GCC_WARN_UNUSED_FUNCTION = YES;
				GCC_WARN_UNUSED_VARIABLE = YES;
				IPHONEOS_DEPLOYMENT_TARGET = 17.0;
				LOCALIZATION_PREFERS_STRING_CATALOGS = YES;
				MTL_ENABLE_DEBUG_INFO = INCLUDE_SOURCE;
				MTL_FAST_MATH = YES;
				ONLY_ACTIVE_ARCH = YES;
				SDKROOT = iphoneos;
				SWIFT_ACTIVE_COMPILATION_CONDITIONS = "DEBUG $(inherited)";
				SWIFT_OPTIMIZATION_LEVEL = "-Onone";
			};
			name = Debug;
		};
		DD11AF9E2CBFFEDD00D115FF /* Release */ = {
			isa = XCBuildConfiguration;
			buildSettings = {
				ALWAYS_SEARCH_USER_PATHS = NO;
				ASSETCATALOG_COMPILER_GENERATE_SWIFT_ASSET_SYMBOL_EXTENSIONS = YES;
				CLANG_ANALYZER_NONNULL = YES;
				CLANG_ANALYZER_NUMBER_OBJECT_CONVERSION = YES_AGGRESSIVE;
				CLANG_CXX_LANGUAGE_STANDARD = "gnu++20";
				CLANG_ENABLE_MODULES = YES;
				CLANG_ENABLE_OBJC_ARC = YES;
				CLANG_ENABLE_OBJC_WEAK = YES;
				CLANG_WARN_BLOCK_CAPTURE_AUTORELEASING = YES;
				CLANG_WARN_BOOL_CONVERSION = YES;
				CLANG_WARN_COMMA = YES;
				CLANG_WARN_CONSTANT_CONVERSION = YES;
				CLANG_WARN_DEPRECATED_OBJC_IMPLEMENTATIONS = YES;
				CLANG_WARN_DIRECT_OBJC_ISA_USAGE = YES_ERROR;
				CLANG_WARN_DOCUMENTATION_COMMENTS = YES;
				CLANG_WARN_EMPTY_BODY = YES;
				CLANG_WARN_ENUM_CONVERSION = YES;
				CLANG_WARN_INFINITE_RECURSION = YES;
				CLANG_WARN_INT_CONVERSION = YES;
				CLANG_WARN_NON_LITERAL_NULL_CONVERSION = YES;
				CLANG_WARN_OBJC_IMPLICIT_RETAIN_SELF = YES;
				CLANG_WARN_OBJC_LITERAL_CONVERSION = YES;
				CLANG_WARN_OBJC_ROOT_CLASS = YES_ERROR;
				CLANG_WARN_QUOTED_INCLUDE_IN_FRAMEWORK_HEADER = YES;
				CLANG_WARN_RANGE_LOOP_ANALYSIS = YES;
				CLANG_WARN_STRICT_PROTOTYPES = YES;
				CLANG_WARN_SUSPICIOUS_MOVE = YES;
				CLANG_WARN_UNGUARDED_AVAILABILITY = YES_AGGRESSIVE;
				CLANG_WARN_UNREACHABLE_CODE = YES;
				CLANG_WARN__DUPLICATE_METHOD_MATCH = YES;
				COPY_PHASE_STRIP = NO;
				DEBUG_INFORMATION_FORMAT = "dwarf-with-dsym";
				ENABLE_NS_ASSERTIONS = NO;
				ENABLE_STRICT_OBJC_MSGSEND = YES;
				ENABLE_USER_SCRIPT_SANDBOXING = YES;
				GCC_C_LANGUAGE_STANDARD = gnu17;
				GCC_NO_COMMON_BLOCKS = YES;
				GCC_WARN_64_TO_32_BIT_CONVERSION = YES;
				GCC_WARN_ABOUT_RETURN_TYPE = YES_ERROR;
				GCC_WARN_UNDECLARED_SELECTOR = YES;
				GCC_WARN_UNINITIALIZED_AUTOS = YES_AGGRESSIVE;
				GCC_WARN_UNUSED_FUNCTION = YES;
				GCC_WARN_UNUSED_VARIABLE = YES;
				IPHONEOS_DEPLOYMENT_TARGET = 17.0;
				LOCALIZATION_PREFERS_STRING_CATALOGS = YES;
				MTL_ENABLE_DEBUG_INFO = NO;
				MTL_FAST_MATH = YES;
				SDKROOT = iphoneos;
				SWIFT_COMPILATION_MODE = wholemodule;
				VALIDATE_PRODUCT = YES;
			};
			name = Release;
		};
		DD11AFA02CBFFEDD00D115FF /* Debug */ = {
			isa = XCBuildConfiguration;
			buildSettings = {
				ASSETCATALOG_COMPILER_APPICON_NAME = AppIcon;
				ASSETCATALOG_COMPILER_GLOBAL_ACCENT_COLOR_NAME = AccentColor;
				CODE_SIGN_STYLE = Automatic;
				CURRENT_PROJECT_VERSION = 1;
				DEVELOPMENT_ASSET_PATHS = "\"aroundTheWorld/Preview Content\"";
				DEVELOPMENT_TEAM = C4XSSD23UD;
				ENABLE_PREVIEWS = YES;
				GENERATE_INFOPLIST_FILE = YES;
				INFOPLIST_KEY_UIApplicationSceneManifest_Generation = YES;
				INFOPLIST_KEY_UIApplicationSupportsIndirectInputEvents = YES;
				INFOPLIST_KEY_UILaunchScreen_Generation = YES;
				INFOPLIST_KEY_UISupportedInterfaceOrientations_iPad = "UIInterfaceOrientationPortrait UIInterfaceOrientationPortraitUpsideDown UIInterfaceOrientationLandscapeLeft UIInterfaceOrientationLandscapeRight";
				INFOPLIST_KEY_UISupportedInterfaceOrientations_iPhone = "UIInterfaceOrientationPortrait UIInterfaceOrientationLandscapeLeft UIInterfaceOrientationLandscapeRight";
				LD_RUNPATH_SEARCH_PATHS = (
					"$(inherited)",
					"@executable_path/Frameworks",
				);
				MARKETING_VERSION = 1.0;
				PRODUCT_BUNDLE_IDENTIFIER = com.federicoLupotti.aroundTheWorld;
				PRODUCT_NAME = "$(TARGET_NAME)";
				SWIFT_EMIT_LOC_STRINGS = YES;
				SWIFT_VERSION = 5.0;
				TARGETED_DEVICE_FAMILY = "1,2";
			};
			name = Debug;
		};
		DD11AFA12CBFFEDD00D115FF /* Release */ = {
			isa = XCBuildConfiguration;
			buildSettings = {
				ASSETCATALOG_COMPILER_APPICON_NAME = AppIcon;
				ASSETCATALOG_COMPILER_GLOBAL_ACCENT_COLOR_NAME = AccentColor;
				CODE_SIGN_STYLE = Automatic;
				CURRENT_PROJECT_VERSION = 1;
				DEVELOPMENT_ASSET_PATHS = "\"aroundTheWorld/Preview Content\"";
				DEVELOPMENT_TEAM = C4XSSD23UD;
				ENABLE_PREVIEWS = YES;
				GENERATE_INFOPLIST_FILE = YES;
				INFOPLIST_KEY_UIApplicationSceneManifest_Generation = YES;
				INFOPLIST_KEY_UIApplicationSupportsIndirectInputEvents = YES;
				INFOPLIST_KEY_UILaunchScreen_Generation = YES;
				INFOPLIST_KEY_UISupportedInterfaceOrientations_iPad = "UIInterfaceOrientationPortrait UIInterfaceOrientationPortraitUpsideDown UIInterfaceOrientationLandscapeLeft UIInterfaceOrientationLandscapeRight";
				INFOPLIST_KEY_UISupportedInterfaceOrientations_iPhone = "UIInterfaceOrientationPortrait UIInterfaceOrientationLandscapeLeft UIInterfaceOrientationLandscapeRight";
				LD_RUNPATH_SEARCH_PATHS = (
					"$(inherited)",
					"@executable_path/Frameworks",
				);
				MARKETING_VERSION = 1.0;
				PRODUCT_BUNDLE_IDENTIFIER = com.federicoLupotti.aroundTheWorld;
				PRODUCT_NAME = "$(TARGET_NAME)";
				SWIFT_EMIT_LOC_STRINGS = YES;
				SWIFT_VERSION = 5.0;
				TARGETED_DEVICE_FAMILY = "1,2";
			};
			name = Release;
		};
		DD33DF352CC3ABC900011E44 /* Debug */ = {
			isa = XCBuildConfiguration;
			buildSettings = {
				BUNDLE_LOADER = "$(TEST_HOST)";
				CODE_SIGN_STYLE = Automatic;
				CURRENT_PROJECT_VERSION = 1;
				DEVELOPMENT_TEAM = C4XSSD23UD;
				GENERATE_INFOPLIST_FILE = YES;
				MARKETING_VERSION = 1.0;
				PRODUCT_BUNDLE_IDENTIFIER = com.federicoLupotti.aroundTheWorldTests;
				PRODUCT_NAME = "$(TARGET_NAME)";
				SWIFT_EMIT_LOC_STRINGS = NO;
				SWIFT_VERSION = 5.0;
				TARGETED_DEVICE_FAMILY = "1,2";
				TEST_HOST = "$(BUILT_PRODUCTS_DIR)/aroundTheWorld.app/$(BUNDLE_EXECUTABLE_FOLDER_PATH)/aroundTheWorld";
			};
			name = Debug;
		};
		DD33DF362CC3ABC900011E44 /* Release */ = {
			isa = XCBuildConfiguration;
			buildSettings = {
				BUNDLE_LOADER = "$(TEST_HOST)";
				CODE_SIGN_STYLE = Automatic;
				CURRENT_PROJECT_VERSION = 1;
				DEVELOPMENT_TEAM = C4XSSD23UD;
				GENERATE_INFOPLIST_FILE = YES;
				MARKETING_VERSION = 1.0;
				PRODUCT_BUNDLE_IDENTIFIER = com.federicoLupotti.aroundTheWorldTests;
				PRODUCT_NAME = "$(TARGET_NAME)";
				SWIFT_EMIT_LOC_STRINGS = NO;
				SWIFT_VERSION = 5.0;
				TARGETED_DEVICE_FAMILY = "1,2";
				TEST_HOST = "$(BUILT_PRODUCTS_DIR)/aroundTheWorld.app/$(BUNDLE_EXECUTABLE_FOLDER_PATH)/aroundTheWorld";
			};
			name = Release;
		};
/* End XCBuildConfiguration section */

/* Begin XCConfigurationList section */
		DD11AF8C2CBFFEDC00D115FF /* Build configuration list for PBXProject "aroundTheWorld" */ = {
			isa = XCConfigurationList;
			buildConfigurations = (
				DD11AF9D2CBFFEDD00D115FF /* Debug */,
				DD11AF9E2CBFFEDD00D115FF /* Release */,
			);
			defaultConfigurationIsVisible = 0;
			defaultConfigurationName = Release;
		};
		DD11AF9F2CBFFEDD00D115FF /* Build configuration list for PBXNativeTarget "aroundTheWorld" */ = {
			isa = XCConfigurationList;
			buildConfigurations = (
				DD11AFA02CBFFEDD00D115FF /* Debug */,
				DD11AFA12CBFFEDD00D115FF /* Release */,
			);
			defaultConfigurationIsVisible = 0;
			defaultConfigurationName = Release;
		};
		DD33DF372CC3ABC900011E44 /* Build configuration list for PBXNativeTarget "aroundTheWorldTests" */ = {
			isa = XCConfigurationList;
			buildConfigurations = (
				DD33DF352CC3ABC900011E44 /* Debug */,
				DD33DF362CC3ABC900011E44 /* Release */,
			);
			defaultConfigurationIsVisible = 0;
			defaultConfigurationName = Release;
		};
/* End XCConfigurationList section */
	};
	rootObject = DD11AF892CBFFEDC00D115FF /* Project object */;
}
